
Microsoft Visual Studio Solution File, Format Version 12.00
# Visual Studio Version 17
VisualStudioVersion = 17.0.31903.59
MinimumVisualStudioVersion = 10.0.40219.1
Project("{2150E333-8FDC-42A3-9474-1A3956D46DE8}") = "src", "src", "{D118B6F3-FE65-4C5A-849D-F4F9618BA033}"
EndProject
Project("{FAE04EC0-301F-11D3-BF4B-00C04F79EFBC}") = "TaskScheduler.Api", "src\TaskScheduler.Api\TaskScheduler.Api.csproj", "{20B23981-47BB-494F-B95E-2F4EE4774C14}"
EndProject
Global
	GlobalSection(SolutionConfigurationPlatforms) = preSolution
		Debug|Any CPU = Debug|Any CPU
		Release|Any CPU = Release|Any CPU
	EndGlobalSection
	GlobalSection(SolutionProperties) = preSolution
		HideSolutionNode = FALSE
	EndGlobalSection
	GlobalSection(ProjectConfigurationPlatforms) = postSolution
		{20B23981-47BB-494F-B95E-2F4EE4774C14}.Debug|Any CPU.ActiveCfg = Debug|Any CPU
		{20B23981-47BB-494F-B95E-2F4EE4774C14}.Debug|Any CPU.Build.0 = Debug|Any CPU
		{20B23981-47BB-494F-B95E-2F4EE4774C14}.Release|Any CPU.ActiveCfg = Release|Any CPU
		{20B23981-47BB-494F-B95E-2F4EE4774C14}.Release|Any CPU.Build.0 = Release|Any CPU
	EndGlobalSection
	GlobalSection(NestedProjects) = preSolution
		{20B23981-47BB-494F-B95E-2F4EE4774C14} = {D118B6F3-FE65-4C5A-849D-F4F9618BA033}
	EndGlobalSection
EndGlobal
